
Microsoft Visual Studio Solution File, Format Version 12.00
# Visual Studio 14
VisualStudioVersion = 14.0.25123.0
MinimumVisualStudioVersion = 10.0.40219.1
Project("{FAE04EC0-301F-11D3-BF4B-00C04F79EFBC}") = "Mongo2DocumentDB", "Mongo2DocumentDB.csproj", "{E0FEE4BA-F111-465E-8F34-D269F66AF1BB}"
EndProject
Global
	GlobalSection(SolutionConfigurationPlatforms) = preSolution
		Debug|Any CPU = Debug|Any CPU
		Release|Any CPU = Release|Any CPU
	EndGlobalSection
	GlobalSection(ProjectConfigurationPlatforms) = postSolution
		{E0FEE4BA-F111-465E-8F34-D269F66AF1BB}.Debug|Any CPU.ActiveCfg = Debug|Any CPU
		{E0FEE4BA-F111-465E-8F34-D269F66AF1BB}.Debug|Any CPU.Build.0 = Debug|Any CPU
		{E0FEE4BA-F111-465E-8F34-D269F66AF1BB}.Release|Any CPU.ActiveCfg = Release|Any CPU
		{E0FEE4BA-F111-465E-8F34-D269F66AF1BB}.Release|Any CPU.Build.0 = Release|Any CPU
	EndGlobalSection
	GlobalSection(SolutionProperties) = preSolution
		HideSolutionNode = FALSE
	EndGlobalSection
EndGlobal
